
Microsoft Visual Studio Solution File, Format Version 12.00
# Visual Studio Version 16
VisualStudioVersion = 16.0.29920.165
MinimumVisualStudioVersion = 10.0.40219.1
Project("{9A19103F-16F7-4668-BE54-9A1E7A4F7556}") = "EmployeeManagement", "EmployeeManagement\EmployeeManagement.csproj", "{7B96FC97-AC05-4F84-8BDF-1DE1324327DB}"
EndProject
Global
	GlobalSection(SolutionConfigurationPlatforms) = preSolution
		Debug|Any CPU = Debug|Any CPU
		Release|Any CPU = Release|Any CPU
	EndGlobalSection
	GlobalSection(ProjectConfigurationPlatforms) = postSolution
		{7B96FC97-AC05-4F84-8BDF-1DE1324327DB}.Debug|Any CPU.ActiveCfg = Debug|Any CPU
		{7B96FC97-AC05-4F84-8BDF-1DE1324327DB}.Debug|Any CPU.Build.0 = Debug|Any CPU
		{7B96FC97-AC05-4F84-8BDF-1DE1324327DB}.Release|Any CPU.ActiveCfg = Release|Any CPU
		{7B96FC97-AC05-4F84-8BDF-1DE1324327DB}.Release|Any CPU.Build.0 = Release|Any CPU
	EndGlobalSection
	GlobalSection(SolutionProperties) = preSolution
		HideSolutionNode = FALSE
	EndGlobalSection
	GlobalSection(ExtensibilityGlobals) = postSolution
		SolutionGuid = {BF25A52D-9FCE-4019-928F-045E5F30EF4E}
	EndGlobalSection
EndGlobal
